// !$*UTF8*$!
{
	archiveVersion = 1;
	classes = {
	};
	objectVersion = 50;
	objects = {

/* Begin PBXBuildFile section */
		081A853883AAC695C9A7D861 /* Pods_SiriRemoteCircularGesture.framework in Frameworks */ = {isa = PBXBuildFile; fileRef = F56CE081970E0CCA2976EB1D /* Pods_SiriRemoteCircularGesture.framework */; };
		FF391C4926DE6E4600CD318B /* AppDelegate.swift in Sources */ = {isa = PBXBuildFile; fileRef = FF391C4826DE6E4600CD318B /* AppDelegate.swift */; };
		FF391C4B26DE6E4600CD318B /* ViewController.swift in Sources */ = {isa = PBXBuildFile; fileRef = FF391C4A26DE6E4600CD318B /* ViewController.swift */; };
		FF391C4E26DE6E4600CD318B /* Main.storyboard in Resources */ = {isa = PBXBuildFile; fileRef = FF391C4C26DE6E4600CD318B /* Main.storyboard */; };
		FF391C5026DE6E4600CD318B /* Assets.xcassets in Resources */ = {isa = PBXBuildFile; fileRef = FF391C4F26DE6E4600CD318B /* Assets.xcassets */; };
		FF391C5326DE6E4600CD318B /* LaunchScreen.storyboard in Resources */ = {isa = PBXBuildFile; fileRef = FF391C5126DE6E4600CD318B /* LaunchScreen.storyboard */; };
/* End PBXBuildFile section */

/* Begin PBXFileReference section */
		D300E9A7FC7DE444A107A8DA /* Pods-SiriRemoteCircularGesture.release.xcconfig */ = {isa = PBXFileReference; includeInIndex = 1; lastKnownFileType = text.xcconfig; name = "Pods-SiriRemoteCircularGesture.release.xcconfig"; path = "Target Support Files/Pods-SiriRemoteCircularGesture/Pods-SiriRemoteCircularGesture.release.xcconfig"; sourceTree = "<group>"; };
		D79A10BF90800019C070CCFF /* Pods-SiriRemoteCircularGesture.debug.xcconfig */ = {isa = PBXFileReference; includeInIndex = 1; lastKnownFileType = text.xcconfig; name = "Pods-SiriRemoteCircularGesture.debug.xcconfig"; path = "Target Support Files/Pods-SiriRemoteCircularGesture/Pods-SiriRemoteCircularGesture.debug.xcconfig"; sourceTree = "<group>"; };
		F56CE081970E0CCA2976EB1D /* Pods_SiriRemoteCircularGesture.framework */ = {isa = PBXFileReference; explicitFileType = wrapper.framework; includeInIndex = 0; path = Pods_SiriRemoteCircularGesture.framework; sourceTree = BUILT_PRODUCTS_DIR; };
		FF391C4526DE6E4600CD318B /* SiriRemoteCircularGesture.app */ = {isa = PBXFileReference; explicitFileType = wrapper.application; includeInIndex = 0; path = SiriRemoteCircularGesture.app; sourceTree = BUILT_PRODUCTS_DIR; };
		FF391C4826DE6E4600CD318B /* AppDelegate.swift */ = {isa = PBXFileReference; lastKnownFileType = sourcecode.swift; path = AppDelegate.swift; sourceTree = "<group>"; };
		FF391C4A26DE6E4600CD318B /* ViewController.swift */ = {isa = PBXFileReference; lastKnownFileType = sourcecode.swift; path = ViewController.swift; sourceTree = "<group>"; };
		FF391C4D26DE6E4600CD318B /* Base */ = {isa = PBXFileReference; lastKnownFileType = file.storyboard; name = Base; path = Base.lproj/Main.storyboard; sourceTree = "<group>"; };
		FF391C4F26DE6E4600CD318B /* Assets.xcassets */ = {isa = PBXFileReference; lastKnownFileType = folder.assetcatalog; path = Assets.xcassets; sourceTree = "<group>"; };
		FF391C5226DE6E4600CD318B /* Base */ = {isa = PBXFileReference; lastKnownFileType = file.storyboard; name = Base; path = Base.lproj/LaunchScreen.storyboard; sourceTree = "<group>"; };
		FF391C5426DE6E4600CD318B /* Info.plist */ = {isa = PBXFileReference; lastKnownFileType = text.plist.xml; path = Info.plist; sourceTree = "<group>"; };
/* End PBXFileReference section */

/* Begin PBXFrameworksBuildPhase section */
		FF391C4226DE6E4600CD318B /* Frameworks */ = {
			isa = PBXFrameworksBuildPhase;
			buildActionMask = 2147483647;
			files = (
				081A853883AAC695C9A7D861 /* Pods_SiriRemoteCircularGesture.framework in Frameworks */,
			);
			runOnlyForDeploymentPostprocessing = 0;
		};
/* End PBXFrameworksBuildPhase section */

/* Begin PBXGroup section */
		2C3C7DD62A486FE86BDDC23D /* Frameworks */ = {
			isa = PBXGroup;
			children = (
				F56CE081970E0CCA2976EB1D /* Pods_SiriRemoteCircularGesture.framework */,
			);
			name = Frameworks;
			sourceTree = "<group>";
		};
		F18ED5A72DB18E688AE2BE7A /* Pods */ = {
			isa = PBXGroup;
			children = (
				D79A10BF90800019C070CCFF /* Pods-SiriRemoteCircularGesture.debug.xcconfig */,
				D300E9A7FC7DE444A107A8DA /* Pods-SiriRemoteCircularGesture.release.xcconfig */,
			);
			name = Pods;
			path = Pods;
			sourceTree = "<group>";
		};
		FF391C3C26DE6E4600CD318B = {
			isa = PBXGroup;
			children = (
				FF391C4726DE6E4600CD318B /* SiriRemoteCircularGesture */,
				FF391C4626DE6E4600CD318B /* Products */,
				F18ED5A72DB18E688AE2BE7A /* Pods */,
				2C3C7DD62A486FE86BDDC23D /* Frameworks */,
			);
			sourceTree = "<group>";
		};
		FF391C4626DE6E4600CD318B /* Products */ = {
			isa = PBXGroup;
			children = (
				FF391C4526DE6E4600CD318B /* SiriRemoteCircularGesture.app */,
			);
			name = Products;
			sourceTree = "<group>";
		};
		FF391C4726DE6E4600CD318B /* SiriRemoteCircularGesture */ = {
			isa = PBXGroup;
			children = (
				FF391C4826DE6E4600CD318B /* AppDelegate.swift */,
				FF391C4A26DE6E4600CD318B /* ViewController.swift */,
				FF391C4C26DE6E4600CD318B /* Main.storyboard */,
				FF391C4F26DE6E4600CD318B /* Assets.xcassets */,
				FF391C5126DE6E4600CD318B /* LaunchScreen.storyboard */,
				FF391C5426DE6E4600CD318B /* Info.plist */,
			);
			path = SiriRemoteCircularGesture;
			sourceTree = "<group>";
		};
/* End PBXGroup section */

/* Begin PBXNativeTarget section */
		FF391C4426DE6E4600CD318B /* SiriRemoteCircularGesture */ = {
			isa = PBXNativeTarget;
			buildConfigurationList = FF391C5726DE6E4600CD318B /* Build configuration list for PBXNativeTarget "SiriRemoteCircularGesture" */;
			buildPhases = (
				46E4757A675007ACB04DD682 /* [CP] Check Pods Manifest.lock */,
				FF391C4126DE6E4600CD318B /* Sources */,
				FF391C4226DE6E4600CD318B /* Frameworks */,
				FF391C4326DE6E4600CD318B /* Resources */,
				B04B6050F40FE46BF609F00D /* [CP] Embed Pods Frameworks */,
			);
			buildRules = (
			);
			dependencies = (
			);
			name = SiriRemoteCircularGesture;
			productName = SiriRemoteCircularGesture;
			productReference = FF391C4526DE6E4600CD318B /* SiriRemoteCircularGesture.app */;
			productType = "com.apple.product-type.application";
		};
/* End PBXNativeTarget section */

/* Begin PBXProject section */
		FF391C3D26DE6E4600CD318B /* Project object */ = {
			isa = PBXProject;
			attributes = {
				LastSwiftUpdateCheck = 1250;
				LastUpgradeCheck = 1250;
				TargetAttributes = {
					FF391C4426DE6E4600CD318B = {
						CreatedOnToolsVersion = 12.5;
					};
				};
			};
			buildConfigurationList = FF391C4026DE6E4600CD318B /* Build configuration list for PBXProject "SiriRemoteCircularGesture" */;
			compatibilityVersion = "Xcode 9.3";
			developmentRegion = en;
			hasScannedForEncodings = 0;
			knownRegions = (
				en,
				Base,
			);
			mainGroup = FF391C3C26DE6E4600CD318B;
			productRefGroup = FF391C4626DE6E4600CD318B /* Products */;
			projectDirPath = "";
			projectRoot = "";
			targets = (
				FF391C4426DE6E4600CD318B /* SiriRemoteCircularGesture */,
			);
		};
/* End PBXProject section */

/* Begin PBXResourcesBuildPhase section */
		FF391C4326DE6E4600CD318B /* Resources */ = {
			isa = PBXResourcesBuildPhase;
			buildActionMask = 2147483647;
			files = (
				FF391C5326DE6E4600CD318B /* LaunchScreen.storyboard in Resources */,
				FF391C5026DE6E4600CD318B /* Assets.xcassets in Resources */,
				FF391C4E26DE6E4600CD318B /* Main.storyboard in Resources */,
			);
			runOnlyForDeploymentPostprocessing = 0;
		};
/* End PBXResourcesBuildPhase section */

/* Begin PBXShellScriptBuildPhase section */
		46E4757A675007ACB04DD682 /* [CP] Check Pods Manifest.lock */ = {
			isa = PBXShellScriptBuildPhase;
			buildActionMask = 2147483647;
			files = (
			);
			inputFileListPaths = (
			);
			inputPaths = (
				"${PODS_PODFILE_DIR_PATH}/Podfile.lock",
				"${PODS_ROOT}/Manifest.lock",
			);
			name = "[CP] Check Pods Manifest.lock";
			outputFileListPaths = (
			);
			outputPaths = (
				"$(DERIVED_FILE_DIR)/Pods-SiriRemoteCircularGesture-checkManifestLockResult.txt",
			);
			runOnlyForDeploymentPostprocessing = 0;
			shellPath = /bin/sh;
			shellScript = "diff \"${PODS_PODFILE_DIR_PATH}/Podfile.lock\" \"${PODS_ROOT}/Manifest.lock\" > /dev/null\nif [ $? != 0 ] ; then\n    # print error to STDERR\n    echo \"error: The sandbox is not in sync with the Podfile.lock. Run 'pod install' or update your CocoaPods installation.\" >&2\n    exit 1\nfi\n# This output is used by Xcode 'outputs' to avoid re-running this script phase.\necho \"SUCCESS\" > \"${SCRIPT_OUTPUT_FILE_0}\"\n";
			showEnvVarsInLog = 0;
		};
		B04B6050F40FE46BF609F00D /* [CP] Embed Pods Frameworks */ = {
			isa = PBXShellScriptBuildPhase;
			buildActionMask = 2147483647;
			files = (
			);
			inputFileListPaths = (
				"${PODS_ROOT}/Target Support Files/Pods-SiriRemoteCircularGesture/Pods-SiriRemoteCircularGesture-frameworks-${CONFIGURATION}-input-files.xcfilelist",
			);
			name = "[CP] Embed Pods Frameworks";
			outputFileListPaths = (
				"${PODS_ROOT}/Target Support Files/Pods-SiriRemoteCircularGesture/Pods-SiriRemoteCircularGesture-frameworks-${CONFIGURATION}-output-files.xcfilelist",
			);
			runOnlyForDeploymentPostprocessing = 0;
			shellPath = /bin/sh;
			shellScript = "\"${PODS_ROOT}/Target Support Files/Pods-SiriRemoteCircularGesture/Pods-SiriRemoteCircularGesture-frameworks.sh\"\n";
			showEnvVarsInLog = 0;
		};
/* End PBXShellScriptBuildPhase section */

/* Begin PBXSourcesBuildPhase section */
		FF391C4126DE6E4600CD318B /* Sources */ = {
			isa = PBXSourcesBuildPhase;
			buildActionMask = 2147483647;
			files = (
				FF391C4B26DE6E4600CD318B /* ViewController.swift in Sources */,
				FF391C4926DE6E4600CD318B /* AppDelegate.swift in Sources */,
			);
			runOnlyForDeploymentPostprocessing = 0;
		};
/* End PBXSourcesBuildPhase section */

/* Begin PBXVariantGroup section */
		FF391C4C26DE6E4600CD318B /* Main.storyboard */ = {
			isa = PBXVariantGroup;
			children = (
				FF391C4D26DE6E4600CD318B /* Base */,
			);
			name = Main.storyboard;
			sourceTree = "<group>";
		};
		FF391C5126DE6E4600CD318B /* LaunchScreen.storyboard */ = {
			isa = PBXVariantGroup;
			children = (
				FF391C5226DE6E4600CD318B /* Base */,
			);
			name = LaunchScreen.storyboard;
			sourceTree = "<group>";
		};
/* End PBXVariantGroup section */

/* Begin XCBuildConfiguration section */
		FF391C5526DE6E4600CD318B /* Debug */ = {
			isa = XCBuildConfiguration;
			buildSettings = {
				ALWAYS_SEARCH_USER_PATHS = NO;
				CLANG_ANALYZER_NONNULL = YES;
				CLANG_ANALYZER_NUMBER_OBJECT_CONVERSION = YES_AGGRESSIVE;
				CLANG_CXX_LANGUAGE_STANDARD = "gnu++14";
				CLANG_CXX_LIBRARY = "libc++";
				CLANG_ENABLE_MODULES = YES;
				CLANG_ENABLE_OBJC_ARC = YES;
				CLANG_ENABLE_OBJC_WEAK = YES;
				CLANG_WARN_BLOCK_CAPTURE_AUTORELEASING = YES;
				CLANG_WARN_BOOL_CONVERSION = YES;
				CLANG_WARN_COMMA = YES;
				CLANG_WARN_CONSTANT_CONVERSION = YES;
				CLANG_WARN_DEPRECATED_OBJC_IMPLEMENTATIONS = YES;
				CLANG_WARN_DIRECT_OBJC_ISA_USAGE = YES_ERROR;
				CLANG_WARN_DOCUMENTATION_COMMENTS = YES;
				CLANG_WARN_EMPTY_BODY = YES;
				CLANG_WARN_ENUM_CONVERSION = YES;
				CLANG_WARN_INFINITE_RECURSION = YES;
				CLANG_WARN_INT_CONVERSION = YES;
				CLANG_WARN_NON_LITERAL_NULL_CONVERSION = YES;
				CLANG_WARN_OBJC_IMPLICIT_RETAIN_SELF = YES;
				CLANG_WARN_OBJC_LITERAL_CONVERSION = YES;
				CLANG_WARN_OBJC_ROOT_CLASS = YES_ERROR;
				CLANG_WARN_QUOTED_INCLUDE_IN_FRAMEWORK_HEADER = YES;
				CLANG_WARN_RANGE_LOOP_ANALYSIS = YES;
				CLANG_WARN_STRICT_PROTOTYPES = YES;
				CLANG_WARN_SUSPICIOUS_MOVE = YES;
				CLANG_WARN_UNGUARDED_AVAILABILITY = YES_AGGRESSIVE;
				CLANG_WARN_UNREACHABLE_CODE = YES;
				CLANG_WARN__DUPLICATE_METHOD_MATCH = YES;
				COPY_PHASE_STRIP = NO;
				DEBUG_INFORMATION_FORMAT = dwarf;
				ENABLE_STRICT_OBJC_MSGSEND = YES;
				ENABLE_TESTABILITY = YES;
				GCC_C_LANGUAGE_STANDARD = gnu11;
				GCC_DYNAMIC_NO_PIC = NO;
				GCC_NO_COMMON_BLOCKS = YES;
				GCC_OPTIMIZATION_LEVEL = 0;
				GCC_PREPROCESSOR_DEFINITIONS = (
					"DEBUG=1",
					"$(inherited)",
				);
				GCC_WARN_64_TO_32_BIT_CONVERSION = YES;
				GCC_WARN_ABOUT_RETURN_TYPE = YES_ERROR;
				GCC_WARN_UNDECLARED_SELECTOR = YES;
				GCC_WARN_UNINITIALIZED_AUTOS = YES_AGGRESSIVE;
				GCC_WARN_UNUSED_FUNCTION = YES;
				GCC_WARN_UNUSED_VARIABLE = YES;
				MTL_ENABLE_DEBUG_INFO = INCLUDE_SOURCE;
				MTL_FAST_MATH = YES;
				ONLY_ACTIVE_ARCH = YES;
				SDKROOT = appletvos;
				SWIFT_ACTIVE_COMPILATION_CONDITIONS = DEBUG;
				SWIFT_OPTIMIZATION_LEVEL = "-Onone";
				TVOS_DEPLOYMENT_TARGET = 14.5;
			};
			name = Debug;
		};
		FF391C5626DE6E4600CD318B /* Release */ = {
			isa = XCBuildConfiguration;
			buildSettings = {
				ALWAYS_SEARCH_USER_PATHS = NO;
				CLANG_ANALYZER_NONNULL = YES;
				CLANG_ANALYZER_NUMBER_OBJECT_CONVERSION = YES_AGGRESSIVE;
				CLANG_CXX_LANGUAGE_STANDARD = "gnu++14";
				CLANG_CXX_LIBRARY = "libc++";
				CLANG_ENABLE_MODULES = YES;
				CLANG_ENABLE_OBJC_ARC = YES;
				CLANG_ENABLE_OBJC_WEAK = YES;
				CLANG_WARN_BLOCK_CAPTURE_AUTORELEASING = YES;
				CLANG_WARN_BOOL_CONVERSION = YES;
				CLANG_WARN_COMMA = YES;
				CLANG_WARN_CONSTANT_CONVERSION = YES;
				CLANG_WARN_DEPRECATED_OBJC_IMPLEMENTATIONS = YES;
				CLANG_WARN_DIRECT_OBJC_ISA_USAGE = YES_ERROR;
				CLANG_WARN_DOCUMENTATION_COMMENTS = YES;
				CLANG_WARN_EMPTY_BODY = YES;
				CLANG_WARN_ENUM_CONVERSION = YES;
				CLANG_WARN_INFINITE_RECURSION = YES;
				CLANG_WARN_INT_CONVERSION = YES;
				CLANG_WARN_NON_LITERAL_NULL_CONVERSION = YES;
				CLANG_WARN_OBJC_IMPLICIT_RETAIN_SELF = YES;
				CLANG_WARN_OBJC_LITERAL_CONVERSION = YES;
				CLANG_WARN_OBJC_ROOT_CLASS = YES_ERROR;
				CLANG_WARN_QUOTED_INCLUDE_IN_FRAMEWORK_HEADER = YES;
				CLANG_WARN_RANGE_LOOP_ANALYSIS = YES;
				CLANG_WARN_STRICT_PROTOTYPES = YES;
				CLANG_WARN_SUSPICIOUS_MOVE = YES;
				CLANG_WARN_UNGUARDED_AVAILABILITY = YES_AGGRESSIVE;
				CLANG_WARN_UNREACHABLE_CODE = YES;
				CLANG_WARN__DUPLICATE_METHOD_MATCH = YES;
				COPY_PHASE_STRIP = NO;
				DEBUG_INFORMATION_FORMAT = "dwarf-with-dsym";
				ENABLE_NS_ASSERTIONS = NO;
				ENABLE_STRICT_OBJC_MSGSEND = YES;
				GCC_C_LANGUAGE_STANDARD = gnu11;
				GCC_NO_COMMON_BLOCKS = YES;
				GCC_WARN_64_TO_32_BIT_CONVERSION = YES;
				GCC_WARN_ABOUT_RETURN_TYPE = YES_ERROR;
				GCC_WARN_UNDECLARED_SELECTOR = YES;
				GCC_WARN_UNINITIALIZED_AUTOS = YES_AGGRESSIVE;
				GCC_WARN_UNUSED_FUNCTION = YES;
				GCC_WARN_UNUSED_VARIABLE = YES;
				MTL_ENABLE_DEBUG_INFO = NO;
				MTL_FAST_MATH = YES;
				SDKROOT = appletvos;
				SWIFT_COMPILATION_MODE = wholemodule;
				SWIFT_OPTIMIZATION_LEVEL = "-O";
				TVOS_DEPLOYMENT_TARGET = 14.5;
				VALIDATE_PRODUCT = YES;
			};
			name = Release;
		};
		FF391C5826DE6E4600CD318B /* Debug */ = {
			isa = XCBuildConfiguration;
			baseConfigurationReference = D79A10BF90800019C070CCFF /* Pods-SiriRemoteCircularGesture.debug.xcconfig */;
			buildSettings = {
				ASSETCATALOG_COMPILER_APPICON_NAME = "App Icon & Top Shelf Image";
				ASSETCATALOG_COMPILER_GLOBAL_ACCENT_COLOR_NAME = AccentColor;
				CODE_SIGN_STYLE = Automatic;
				DEVELOPMENT_TEAM = C3QRL9KEQ4;
				INFOPLIST_FILE = SiriRemoteCircularGesture/Info.plist;
				LD_RUNPATH_SEARCH_PATHS = (
					"$(inherited)",
					"@executable_path/Frameworks",
				);
				PRODUCT_BUNDLE_IDENTIFIER = me.dcordero.SiriRemoteCircularGesture;
				PRODUCT_NAME = "$(TARGET_NAME)";
				SWIFT_VERSION = 5.0;
				TARGETED_DEVICE_FAMILY = 3;
			};
			name = Debug;
		};
		FF391C5926DE6E4600CD318B /* Release */ = {
			isa = XCBuildConfiguration;
			baseConfigurationReference = D300E9A7FC7DE444A107A8DA /* Pods-SiriRemoteCircularGesture.release.xcconfig */;
			buildSettings = {
				ASSETCATALOG_COMPILER_APPICON_NAME = "App Icon & Top Shelf Image";
				ASSETCATALOG_COMPILER_GLOBAL_ACCENT_COLOR_NAME = AccentColor;
				CODE_SIGN_STYLE = Automatic;
				DEVELOPMENT_TEAM = C3QRL9KEQ4;
				INFOPLIST_FILE = SiriRemoteCircularGesture/Info.plist;
				LD_RUNPATH_SEARCH_PATHS = (
					"$(inherited)",
					"@executable_path/Frameworks",
				);
				PRODUCT_BUNDLE_IDENTIFIER = me.dcordero.SiriRemoteCircularGesture;
				PRODUCT_NAME = "$(TARGET_NAME)";
				SWIFT_VERSION = 5.0;
				TARGETED_DEVICE_FAMILY = 3;
			};
			name = Release;
		};
/* End XCBuildConfiguration section */

/* Begin XCConfigurationList section */
		FF391C4026DE6E4600CD318B /* Build configuration list for PBXProject "SiriRemoteCircularGesture" */ = {
			isa = XCConfigurationList;
			buildConfigurations = (
				FF391C5526DE6E4600CD318B /* Debug */,
				FF391C5626DE6E4600CD318B /* Release */,
			);
			defaultConfigurationIsVisible = 0;
			defaultConfigurationName = Release;
		};
		FF391C5726DE6E4600CD318B /* Build configuration list for PBXNativeTarget "SiriRemoteCircularGesture" */ = {
			isa = XCConfigurationList;
			buildConfigurations = (
				FF391C5826DE6E4600CD318B /* Debug */,
				FF391C5926DE6E4600CD318B /* Release */,
			);
			defaultConfigurationIsVisible = 0;
			defaultConfigurationName = Release;
		};
/* End XCConfigurationList section */
	};
	rootObject = FF391C3D26DE6E4600CD318B /* Project object */;
}
